// !$*UTF8*$!
{
	archiveVersion = 1;
	classes = {
	};
	objectVersion = 50;
	objects = {

/* Begin PBXBuildFile section */
		2C02D886253A2C5700D5F960 /* pose_referenceApp.swift in Sources */ = {isa = PBXBuildFile; fileRef = 2C02D885253A2C5700D5F960 /* pose_referenceApp.swift */; };
		2C02D888253A2C5700D5F960 /* ContentView.swift in Sources */ = {isa = PBXBuildFile; fileRef = 2C02D887253A2C5700D5F960 /* ContentView.swift */; };
		2C02D88A253A2C5900D5F960 /* Assets.xcassets in Resources */ = {isa = PBXBuildFile; fileRef = 2C02D889253A2C5900D5F960 /* Assets.xcassets */; };
		2C02D88D253A2C5900D5F960 /* Preview Assets.xcassets in Resources */ = {isa = PBXBuildFile; fileRef = 2C02D88C253A2C5900D5F960 /* Preview Assets.xcassets */; };
		2C02D898253A2C5A00D5F960 /* pose_referenceTests.swift in Sources */ = {isa = PBXBuildFile; fileRef = 2C02D897253A2C5A00D5F960 /* pose_referenceTests.swift */; };
		2C02D8A3253A2C5A00D5F960 /* pose_referenceUITests.swift in Sources */ = {isa = PBXBuildFile; fileRef = 2C02D8A2253A2C5A00D5F960 /* pose_referenceUITests.swift */; };
/* End PBXBuildFile section */

/* Begin PBXContainerItemProxy section */
		2C02D894253A2C5A00D5F960 /* PBXContainerItemProxy */ = {
			isa = PBXContainerItemProxy;
			containerPortal = 2C02D87A253A2C5700D5F960 /* Project object */;
			proxyType = 1;
			remoteGlobalIDString = 2C02D881253A2C5700D5F960;
			remoteInfo = "pose-reference";
		};
		2C02D89F253A2C5A00D5F960 /* PBXContainerItemProxy */ = {
			isa = PBXContainerItemProxy;
			containerPortal = 2C02D87A253A2C5700D5F960 /* Project object */;
			proxyType = 1;
			remoteGlobalIDString = 2C02D881253A2C5700D5F960;
			remoteInfo = "pose-reference";
		};
/* End PBXContainerItemProxy section */

/* Begin PBXFileReference section */
		2C02D882253A2C5700D5F960 /* pose-reference.app */ = {isa = PBXFileReference; explicitFileType = wrapper.application; includeInIndex = 0; path = "pose-reference.app"; sourceTree = BUILT_PRODUCTS_DIR; };
		2C02D885253A2C5700D5F960 /* pose_referenceApp.swift */ = {isa = PBXFileReference; lastKnownFileType = sourcecode.swift; path = pose_referenceApp.swift; sourceTree = "<group>"; };
		2C02D887253A2C5700D5F960 /* ContentView.swift */ = {isa = PBXFileReference; lastKnownFileType = sourcecode.swift; path = ContentView.swift; sourceTree = "<group>"; };
		2C02D889253A2C5900D5F960 /* Assets.xcassets */ = {isa = PBXFileReference; lastKnownFileType = folder.assetcatalog; path = Assets.xcassets; sourceTree = "<group>"; };
		2C02D88C253A2C5900D5F960 /* Preview Assets.xcassets */ = {isa = PBXFileReference; lastKnownFileType = folder.assetcatalog; path = "Preview Assets.xcassets"; sourceTree = "<group>"; };
		2C02D88E253A2C5900D5F960 /* Info.plist */ = {isa = PBXFileReference; lastKnownFileType = text.plist.xml; path = Info.plist; sourceTree = "<group>"; };
		2C02D893253A2C5A00D5F960 /* pose-referenceTests.xctest */ = {isa = PBXFileReference; explicitFileType = wrapper.cfbundle; includeInIndex = 0; path = "pose-referenceTests.xctest"; sourceTree = BUILT_PRODUCTS_DIR; };
		2C02D897253A2C5A00D5F960 /* pose_referenceTests.swift */ = {isa = PBXFileReference; lastKnownFileType = sourcecode.swift; path = pose_referenceTests.swift; sourceTree = "<group>"; };
		2C02D899253A2C5A00D5F960 /* Info.plist */ = {isa = PBXFileReference; lastKnownFileType = text.plist.xml; path = Info.plist; sourceTree = "<group>"; };
		2C02D89E253A2C5A00D5F960 /* pose-referenceUITests.xctest */ = {isa = PBXFileReference; explicitFileType = wrapper.cfbundle; includeInIndex = 0; path = "pose-referenceUITests.xctest"; sourceTree = BUILT_PRODUCTS_DIR; };
		2C02D8A2253A2C5A00D5F960 /* pose_referenceUITests.swift */ = {isa = PBXFileReference; lastKnownFileType = sourcecode.swift; path = pose_referenceUITests.swift; sourceTree = "<group>"; };
		2C02D8A4253A2C5A00D5F960 /* Info.plist */ = {isa = PBXFileReference; lastKnownFileType = text.plist.xml; path = Info.plist; sourceTree = "<group>"; };
/* End PBXFileReference section */

/* Begin PBXFrameworksBuildPhase section */
		2C02D87F253A2C5700D5F960 /* Frameworks */ = {
			isa = PBXFrameworksBuildPhase;
			buildActionMask = 2147483647;
			files = (
			);
			runOnlyForDeploymentPostprocessing = 0;
		};
		2C02D890253A2C5A00D5F960 /* Frameworks */ = {
			isa = PBXFrameworksBuildPhase;
			buildActionMask = 2147483647;
			files = (
			);
			runOnlyForDeploymentPostprocessing = 0;
		};
		2C02D89B253A2C5A00D5F960 /* Frameworks */ = {
			isa = PBXFrameworksBuildPhase;
			buildActionMask = 2147483647;
			files = (
			);
			runOnlyForDeploymentPostprocessing = 0;
		};
/* End PBXFrameworksBuildPhase section */

/* Begin PBXGroup section */
		2C02D879253A2C5700D5F960 = {
			isa = PBXGroup;
			children = (
				2C02D884253A2C5700D5F960 /* pose-reference */,
				2C02D896253A2C5A00D5F960 /* pose-referenceTests */,
				2C02D8A1253A2C5A00D5F960 /* pose-referenceUITests */,
				2C02D883253A2C5700D5F960 /* Products */,
			);
			sourceTree = "<group>";
		};
		2C02D883253A2C5700D5F960 /* Products */ = {
			isa = PBXGroup;
			children = (
				2C02D882253A2C5700D5F960 /* pose-reference.app */,
				2C02D893253A2C5A00D5F960 /* pose-referenceTests.xctest */,
				2C02D89E253A2C5A00D5F960 /* pose-referenceUITests.xctest */,
			);
			name = Products;
			sourceTree = "<group>";
		};
		2C02D884253A2C5700D5F960 /* pose-reference */ = {
			isa = PBXGroup;
			children = (
				2C02D885253A2C5700D5F960 /* pose_referenceApp.swift */,
				2C02D887253A2C5700D5F960 /* ContentView.swift */,
				2C02D889253A2C5900D5F960 /* Assets.xcassets */,
				2C02D88E253A2C5900D5F960 /* Info.plist */,
				2C02D88B253A2C5900D5F960 /* Preview Content */,
			);
			path = "pose-reference";
			sourceTree = "<group>";
		};
		2C02D88B253A2C5900D5F960 /* Preview Content */ = {
			isa = PBXGroup;
			children = (
				2C02D88C253A2C5900D5F960 /* Preview Assets.xcassets */,
			);
			path = "Preview Content";
			sourceTree = "<group>";
		};
		2C02D896253A2C5A00D5F960 /* pose-referenceTests */ = {
			isa = PBXGroup;
			children = (
				2C02D897253A2C5A00D5F960 /* pose_referenceTests.swift */,
				2C02D899253A2C5A00D5F960 /* Info.plist */,
			);
			path = "pose-referenceTests";
			sourceTree = "<group>";
		};
		2C02D8A1253A2C5A00D5F960 /* pose-referenceUITests */ = {
			isa = PBXGroup;
			children = (
				2C02D8A2253A2C5A00D5F960 /* pose_referenceUITests.swift */,
				2C02D8A4253A2C5A00D5F960 /* Info.plist */,
			);
			path = "pose-referenceUITests";
			sourceTree = "<group>";
		};
/* End PBXGroup section */

/* Begin PBXNativeTarget section */
		2C02D881253A2C5700D5F960 /* pose-reference */ = {
			isa = PBXNativeTarget;
			buildConfigurationList = 2C02D8A7253A2C5A00D5F960 /* Build configuration list for PBXNativeTarget "pose-reference" */;
			buildPhases = (
				2C02D87E253A2C5700D5F960 /* Sources */,
				2C02D87F253A2C5700D5F960 /* Frameworks */,
				2C02D880253A2C5700D5F960 /* Resources */,
			);
			buildRules = (
			);
			dependencies = (
			);
			name = "pose-reference";
			productName = "pose-reference";
			productReference = 2C02D882253A2C5700D5F960 /* pose-reference.app */;
			productType = "com.apple.product-type.application";
		};
		2C02D892253A2C5A00D5F960 /* pose-referenceTests */ = {
			isa = PBXNativeTarget;
			buildConfigurationList = 2C02D8AA253A2C5A00D5F960 /* Build configuration list for PBXNativeTarget "pose-referenceTests" */;
			buildPhases = (
				2C02D88F253A2C5A00D5F960 /* Sources */,
				2C02D890253A2C5A00D5F960 /* Frameworks */,
				2C02D891253A2C5A00D5F960 /* Resources */,
			);
			buildRules = (
			);
			dependencies = (
				2C02D895253A2C5A00D5F960 /* PBXTargetDependency */,
			);
			name = "pose-referenceTests";
			productName = "pose-referenceTests";
			productReference = 2C02D893253A2C5A00D5F960 /* pose-referenceTests.xctest */;
			productType = "com.apple.product-type.bundle.unit-test";
		};
		2C02D89D253A2C5A00D5F960 /* pose-referenceUITests */ = {
			isa = PBXNativeTarget;
			buildConfigurationList = 2C02D8AD253A2C5A00D5F960 /* Build configuration list for PBXNativeTarget "pose-referenceUITests" */;
			buildPhases = (
				2C02D89A253A2C5A00D5F960 /* Sources */,
				2C02D89B253A2C5A00D5F960 /* Frameworks */,
				2C02D89C253A2C5A00D5F960 /* Resources */,
			);
			buildRules = (
			);
			dependencies = (
				2C02D8A0253A2C5A00D5F960 /* PBXTargetDependency */,
			);
			name = "pose-referenceUITests";
			productName = "pose-referenceUITests";
			productReference = 2C02D89E253A2C5A00D5F960 /* pose-referenceUITests.xctest */;
			productType = "com.apple.product-type.bundle.ui-testing";
		};
/* End PBXNativeTarget section */

/* Begin PBXProject section */
		2C02D87A253A2C5700D5F960 /* Project object */ = {
			isa = PBXProject;
			attributes = {
				LastSwiftUpdateCheck = 1200;
				LastUpgradeCheck = 1200;
				TargetAttributes = {
					2C02D881253A2C5700D5F960 = {
						CreatedOnToolsVersion = 12.0.1;
					};
					2C02D892253A2C5A00D5F960 = {
						CreatedOnToolsVersion = 12.0.1;
						TestTargetID = 2C02D881253A2C5700D5F960;
					};
					2C02D89D253A2C5A00D5F960 = {
						CreatedOnToolsVersion = 12.0.1;
						TestTargetID = 2C02D881253A2C5700D5F960;
					};
				};
			};
			buildConfigurationList = 2C02D87D253A2C5700D5F960 /* Build configuration list for PBXProject "pose-reference" */;
			compatibilityVersion = "Xcode 9.3";
			developmentRegion = en;
			hasScannedForEncodings = 0;
			knownRegions = (
				en,
				Base,
			);
			mainGroup = 2C02D879253A2C5700D5F960;
			productRefGroup = 2C02D883253A2C5700D5F960 /* Products */;
			projectDirPath = "";
			projectRoot = "";
			targets = (
				2C02D881253A2C5700D5F960 /* pose-reference */,
				2C02D892253A2C5A00D5F960 /* pose-referenceTests */,
				2C02D89D253A2C5A00D5F960 /* pose-referenceUITests */,
			);
		};
/* End PBXProject section */

/* Begin PBXResourcesBuildPhase section */
		2C02D880253A2C5700D5F960 /* Resources */ = {
			isa = PBXResourcesBuildPhase;
			buildActionMask = 2147483647;
			files = (
				2C02D88D253A2C5900D5F960 /* Preview Assets.xcassets in Resources */,
				2C02D88A253A2C5900D5F960 /* Assets.xcassets in Resources */,
			);
			runOnlyForDeploymentPostprocessing = 0;
		};
		2C02D891253A2C5A00D5F960 /* Resources */ = {
			isa = PBXResourcesBuildPhase;
			buildActionMask = 2147483647;
			files = (
			);
			runOnlyForDeploymentPostprocessing = 0;
		};
		2C02D89C253A2C5A00D5F960 /* Resources */ = {
			isa = PBXResourcesBuildPhase;
			buildActionMask = 2147483647;
			files = (
			);
			runOnlyForDeploymentPostprocessing = 0;
		};
/* End PBXResourcesBuildPhase section */

/* Begin PBXSourcesBuildPhase section */
		2C02D87E253A2C5700D5F960 /* Sources */ = {
			isa = PBXSourcesBuildPhase;
			buildActionMask = 2147483647;
			files = (
				2C02D888253A2C5700D5F960 /* ContentView.swift in Sources */,
				2C02D886253A2C5700D5F960 /* pose_referenceApp.swift in Sources */,
			);
			runOnlyForDeploymentPostprocessing = 0;
		};
		2C02D88F253A2C5A00D5F960 /* Sources */ = {
			isa = PBXSourcesBuildPhase;
			buildActionMask = 2147483647;
			files = (
				2C02D898253A2C5A00D5F960 /* pose_referenceTests.swift in Sources */,
			);
			runOnlyForDeploymentPostprocessing = 0;
		};
		2C02D89A253A2C5A00D5F960 /* Sources */ = {
			isa = PBXSourcesBuildPhase;
			buildActionMask = 2147483647;
			files = (
				2C02D8A3253A2C5A00D5F960 /* pose_referenceUITests.swift in Sources */,
			);
			runOnlyForDeploymentPostprocessing = 0;
		};
/* End PBXSourcesBuildPhase section */

/* Begin PBXTargetDependency section */
		2C02D895253A2C5A00D5F960 /* PBXTargetDependency */ = {
			isa = PBXTargetDependency;
			target = 2C02D881253A2C5700D5F960 /* pose-reference */;
			targetProxy = 2C02D894253A2C5A00D5F960 /* PBXContainerItemProxy */;
		};
		2C02D8A0253A2C5A00D5F960 /* PBXTargetDependency */ = {
			isa = PBXTargetDependency;
			target = 2C02D881253A2C5700D5F960 /* pose-reference */;
			targetProxy = 2C02D89F253A2C5A00D5F960 /* PBXContainerItemProxy */;
		};
/* End PBXTargetDependency section */

/* Begin XCBuildConfiguration section */
		2C02D8A5253A2C5A00D5F960 /* Debug */ = {
			isa = XCBuildConfiguration;
			buildSettings = {
				ALWAYS_SEARCH_USER_PATHS = NO;
				CLANG_ANALYZER_NONNULL = YES;
				CLANG_ANALYZER_NUMBER_OBJECT_CONVERSION = YES_AGGRESSIVE;
				CLANG_CXX_LANGUAGE_STANDARD = "gnu++14";
				CLANG_CXX_LIBRARY = "libc++";
				CLANG_ENABLE_MODULES = YES;
				CLANG_ENABLE_OBJC_ARC = YES;
				CLANG_ENABLE_OBJC_WEAK = YES;
				CLANG_WARN_BLOCK_CAPTURE_AUTORELEASING = YES;
				CLANG_WARN_BOOL_CONVERSION = YES;
				CLANG_WARN_COMMA = YES;
				CLANG_WARN_CONSTANT_CONVERSION = YES;
				CLANG_WARN_DEPRECATED_OBJC_IMPLEMENTATIONS = YES;
				CLANG_WARN_DIRECT_OBJC_ISA_USAGE = YES_ERROR;
				CLANG_WARN_DOCUMENTATION_COMMENTS = YES;
				CLANG_WARN_EMPTY_BODY = YES;
				CLANG_WARN_ENUM_CONVERSION = YES;
				CLANG_WARN_INFINITE_RECURSION = YES;
				CLANG_WARN_INT_CONVERSION = YES;
				CLANG_WARN_NON_LITERAL_NULL_CONVERSION = YES;
				CLANG_WARN_OBJC_IMPLICIT_RETAIN_SELF = YES;
				CLANG_WARN_OBJC_LITERAL_CONVERSION = YES;
				CLANG_WARN_OBJC_ROOT_CLASS = YES_ERROR;
				CLANG_WARN_QUOTED_INCLUDE_IN_FRAMEWORK_HEADER = YES;
				CLANG_WARN_RANGE_LOOP_ANALYSIS = YES;
				CLANG_WARN_STRICT_PROTOTYPES = YES;
				CLANG_WARN_SUSPICIOUS_MOVE = YES;
				CLANG_WARN_UNGUARDED_AVAILABILITY = YES_AGGRESSIVE;
				CLANG_WARN_UNREACHABLE_CODE = YES;
				CLANG_WARN__DUPLICATE_METHOD_MATCH = YES;
				COPY_PHASE_STRIP = NO;
				DEBUG_INFORMATION_FORMAT = dwarf;
				ENABLE_STRICT_OBJC_MSGSEND = YES;
				ENABLE_TESTABILITY = YES;
				GCC_C_LANGUAGE_STANDARD = gnu11;
				GCC_DYNAMIC_NO_PIC = NO;
				GCC_NO_COMMON_BLOCKS = YES;
				GCC_OPTIMIZATION_LEVEL = 0;
				GCC_PREPROCESSOR_DEFINITIONS = (
					"DEBUG=1",
					"$(inherited)",
				);
				GCC_WARN_64_TO_32_BIT_CONVERSION = YES;
				GCC_WARN_ABOUT_RETURN_TYPE = YES_ERROR;
				GCC_WARN_UNDECLARED_SELECTOR = YES;
				GCC_WARN_UNINITIALIZED_AUTOS = YES_AGGRESSIVE;
				GCC_WARN_UNUSED_FUNCTION = YES;
				GCC_WARN_UNUSED_VARIABLE = YES;
				IPHONEOS_DEPLOYMENT_TARGET = 14.0;
				MTL_ENABLE_DEBUG_INFO = INCLUDE_SOURCE;
				MTL_FAST_MATH = YES;
				ONLY_ACTIVE_ARCH = YES;
				SDKROOT = iphoneos;
				SWIFT_ACTIVE_COMPILATION_CONDITIONS = DEBUG;
				SWIFT_OPTIMIZATION_LEVEL = "-Onone";
			};
			name = Debug;
		};
		2C02D8A6253A2C5A00D5F960 /* Release */ = {
			isa = XCBuildConfiguration;
			buildSettings = {
				ALWAYS_SEARCH_USER_PATHS = NO;
				CLANG_ANALYZER_NONNULL = YES;
				CLANG_ANALYZER_NUMBER_OBJECT_CONVERSION = YES_AGGRESSIVE;
				CLANG_CXX_LANGUAGE_STANDARD = "gnu++14";
				CLANG_CXX_LIBRARY = "libc++";
				CLANG_ENABLE_MODULES = YES;
				CLANG_ENABLE_OBJC_ARC = YES;
				CLANG_ENABLE_OBJC_WEAK = YES;
				CLANG_WARN_BLOCK_CAPTURE_AUTORELEASING = YES;
				CLANG_WARN_BOOL_CONVERSION = YES;
				CLANG_WARN_COMMA = YES;
				CLANG_WARN_CONSTANT_CONVERSION = YES;
				CLANG_WARN_DEPRECATED_OBJC_IMPLEMENTATIONS = YES;
				CLANG_WARN_DIRECT_OBJC_ISA_USAGE = YES_ERROR;
				CLANG_WARN_DOCUMENTATION_COMMENTS = YES;
				CLANG_WARN_EMPTY_BODY = YES;
				CLANG_WARN_ENUM_CONVERSION = YES;
				CLANG_WARN_INFINITE_RECURSION = YES;
				CLANG_WARN_INT_CONVERSION = YES;
				CLANG_WARN_NON_LITERAL_NULL_CONVERSION = YES;
				CLANG_WARN_OBJC_IMPLICIT_RETAIN_SELF = YES;
				CLANG_WARN_OBJC_LITERAL_CONVERSION = YES;
				CLANG_WARN_OBJC_ROOT_CLASS = YES_ERROR;
				CLANG_WARN_QUOTED_INCLUDE_IN_FRAMEWORK_HEADER = YES;
				CLANG_WARN_RANGE_LOOP_ANALYSIS = YES;
				CLANG_WARN_STRICT_PROTOTYPES = YES;
				CLANG_WARN_SUSPICIOUS_MOVE = YES;
				CLANG_WARN_UNGUARDED_AVAILABILITY = YES_AGGRESSIVE;
				CLANG_WARN_UNREACHABLE_CODE = YES;
				CLANG_WARN__DUPLICATE_METHOD_MATCH = YES;
				COPY_PHASE_STRIP = NO;
				DEBUG_INFORMATION_FORMAT = "dwarf-with-dsym";
				ENABLE_NS_ASSERTIONS = NO;
				ENABLE_STRICT_OBJC_MSGSEND = YES;
				GCC_C_LANGUAGE_STANDARD = gnu11;
				GCC_NO_COMMON_BLOCKS = YES;
				GCC_WARN_64_TO_32_BIT_CONVERSION = YES;
				GCC_WARN_ABOUT_RETURN_TYPE = YES_ERROR;
				GCC_WARN_UNDECLARED_SELECTOR = YES;
				GCC_WARN_UNINITIALIZED_AUTOS = YES_AGGRESSIVE;
				GCC_WARN_UNUSED_FUNCTION = YES;
				GCC_WARN_UNUSED_VARIABLE = YES;
				IPHONEOS_DEPLOYMENT_TARGET = 14.0;
				MTL_ENABLE_DEBUG_INFO = NO;
				MTL_FAST_MATH = YES;
				SDKROOT = iphoneos;
				SWIFT_COMPILATION_MODE = wholemodule;
				SWIFT_OPTIMIZATION_LEVEL = "-O";
				VALIDATE_PRODUCT = YES;
			};
			name = Release;
		};
		2C02D8A8253A2C5A00D5F960 /* Debug */ = {
			isa = XCBuildConfiguration;
			buildSettings = {
				ASSETCATALOG_COMPILER_APPICON_NAME = AppIcon;
				ASSETCATALOG_COMPILER_GLOBAL_ACCENT_COLOR_NAME = AccentColor;
				CODE_SIGN_STYLE = Automatic;
				DEVELOPMENT_ASSET_PATHS = "\"pose-reference/Preview Content\"";
				DEVELOPMENT_TEAM = NEFG8858W8;
				ENABLE_PREVIEWS = YES;
				INFOPLIST_FILE = "pose-reference/Info.plist";
				IPHONEOS_DEPLOYMENT_TARGET = 14.0;
				LD_RUNPATH_SEARCH_PATHS = (
					"$(inherited)",
					"@executable_path/Frameworks",
				);
				PRODUCT_BUNDLE_IDENTIFIER = "forlorn-studio.pose-reference";
				PRODUCT_NAME = "$(TARGET_NAME)";
				SWIFT_VERSION = 5.0;
				TARGETED_DEVICE_FAMILY = "1,2";
			};
			name = Debug;
		};
		2C02D8A9253A2C5A00D5F960 /* Release */ = {
			isa = XCBuildConfiguration;
			buildSettings = {
				ASSETCATALOG_COMPILER_APPICON_NAME = AppIcon;
				ASSETCATALOG_COMPILER_GLOBAL_ACCENT_COLOR_NAME = AccentColor;
				CODE_SIGN_STYLE = Automatic;
				DEVELOPMENT_ASSET_PATHS = "\"pose-reference/Preview Content\"";
				DEVELOPMENT_TEAM = NEFG8858W8;
				ENABLE_PREVIEWS = YES;
				INFOPLIST_FILE = "pose-reference/Info.plist";
				IPHONEOS_DEPLOYMENT_TARGET = 14.0;
				LD_RUNPATH_SEARCH_PATHS = (
					"$(inherited)",
					"@executable_path/Frameworks",
				);
				PRODUCT_BUNDLE_IDENTIFIER = "forlorn-studio.pose-reference";
				PRODUCT_NAME = "$(TARGET_NAME)";
				SWIFT_VERSION = 5.0;
				TARGETED_DEVICE_FAMILY = "1,2";
			};
			name = Release;
		};
		2C02D8AB253A2C5A00D5F960 /* Debug */ = {
			isa = XCBuildConfiguration;
			buildSettings = {
				ALWAYS_EMBED_SWIFT_STANDARD_LIBRARIES = YES;
				BUNDLE_LOADER = "$(TEST_HOST)";
				CODE_SIGN_STYLE = Automatic;
				DEVELOPMENT_TEAM = NEFG8858W8;
				INFOPLIST_FILE = "pose-referenceTests/Info.plist";
				IPHONEOS_DEPLOYMENT_TARGET = 14.0;
				LD_RUNPATH_SEARCH_PATHS = (
					"$(inherited)",
					"@executable_path/Frameworks",
					"@loader_path/Frameworks",
				);
				PRODUCT_BUNDLE_IDENTIFIER = "forlorn-studio.pose-referenceTests";
				PRODUCT_NAME = "$(TARGET_NAME)";
				SWIFT_VERSION = 5.0;
				TARGETED_DEVICE_FAMILY = "1,2";
				TEST_HOST = "$(BUILT_PRODUCTS_DIR)/pose-reference.app/pose-reference";
			};
			name = Debug;
		};
		2C02D8AC253A2C5A00D5F960 /* Release */ = {
			isa = XCBuildConfiguration;
			buildSettings = {
				ALWAYS_EMBED_SWIFT_STANDARD_LIBRARIES = YES;
				BUNDLE_LOADER = "$(TEST_HOST)";
				CODE_SIGN_STYLE = Automatic;
				DEVELOPMENT_TEAM = NEFG8858W8;
				INFOPLIST_FILE = "pose-referenceTests/Info.plist";
				IPHONEOS_DEPLOYMENT_TARGET = 14.0;
				LD_RUNPATH_SEARCH_PATHS = (
					"$(inherited)",
					"@executable_path/Frameworks",
					"@loader_path/Frameworks",
				);
				PRODUCT_BUNDLE_IDENTIFIER = "forlorn-studio.pose-referenceTests";
				PRODUCT_NAME = "$(TARGET_NAME)";
				SWIFT_VERSION = 5.0;
				TARGETED_DEVICE_FAMILY = "1,2";
				TEST_HOST = "$(BUILT_PRODUCTS_DIR)/pose-reference.app/pose-reference";
			};
			name = Release;
		};
		2C02D8AE253A2C5A00D5F960 /* Debug */ = {
			isa = XCBuildConfiguration;
			buildSettings = {
				ALWAYS_EMBED_SWIFT_STANDARD_LIBRARIES = YES;
				CODE_SIGN_STYLE = Automatic;
				DEVELOPMENT_TEAM = NEFG8858W8;
				INFOPLIST_FILE = "pose-referenceUITests/Info.plist";
				LD_RUNPATH_SEARCH_PATHS = (
					"$(inherited)",
					"@executable_path/Frameworks",
					"@loader_path/Frameworks",
				);
				PRODUCT_BUNDLE_IDENTIFIER = "forlorn-studio.pose-referenceUITests";
				PRODUCT_NAME = "$(TARGET_NAME)";
				SWIFT_VERSION = 5.0;
				TARGETED_DEVICE_FAMILY = "1,2";
				TEST_TARGET_NAME = "pose-reference";
			};
			name = Debug;
		};
		2C02D8AF253A2C5A00D5F960 /* Release */ = {
			isa = XCBuildConfiguration;
			buildSettings = {
				ALWAYS_EMBED_SWIFT_STANDARD_LIBRARIES = YES;
				CODE_SIGN_STYLE = Automatic;
				DEVELOPMENT_TEAM = NEFG8858W8;
				INFOPLIST_FILE = "pose-referenceUITests/Info.plist";
				LD_RUNPATH_SEARCH_PATHS = (
					"$(inherited)",
					"@executable_path/Frameworks",
					"@loader_path/Frameworks",
				);
				PRODUCT_BUNDLE_IDENTIFIER = "forlorn-studio.pose-referenceUITests";
				PRODUCT_NAME = "$(TARGET_NAME)";
				SWIFT_VERSION = 5.0;
				TARGETED_DEVICE_FAMILY = "1,2";
				TEST_TARGET_NAME = "pose-reference";
			};
			name = Release;
		};
/* End XCBuildConfiguration section */

/* Begin XCConfigurationList section */
		2C02D87D253A2C5700D5F960 /* Build configuration list for PBXProject "pose-reference" */ = {
			isa = XCConfigurationList;
			buildConfigurations = (
				2C02D8A5253A2C5A00D5F960 /* Debug */,
				2C02D8A6253A2C5A00D5F960 /* Release */,
			);
			defaultConfigurationIsVisible = 0;
			defaultConfigurationName = Release;
		};
		2C02D8A7253A2C5A00D5F960 /* Build configuration list for PBXNativeTarget "pose-reference" */ = {
			isa = XCConfigurationList;
			buildConfigurations = (
				2C02D8A8253A2C5A00D5F960 /* Debug */,
				2C02D8A9253A2C5A00D5F960 /* Release */,
			);
			defaultConfigurationIsVisible = 0;
			defaultConfigurationName = Release;
		};
		2C02D8AA253A2C5A00D5F960 /* Build configuration list for PBXNativeTarget "pose-referenceTests" */ = {
			isa = XCConfigurationList;
			buildConfigurations = (
				2C02D8AB253A2C5A00D5F960 /* Debug */,
				2C02D8AC253A2C5A00D5F960 /* Release */,
			);
			defaultConfigurationIsVisible = 0;
			defaultConfigurationName = Release;
		};
		2C02D8AD253A2C5A00D5F960 /* Build configuration list for PBXNativeTarget "pose-referenceUITests" */ = {
			isa = XCConfigurationList;
			buildConfigurations = (
				2C02D8AE253A2C5A00D5F960 /* Debug */,
				2C02D8AF253A2C5A00D5F960 /* Release */,
			);
			defaultConfigurationIsVisible = 0;
			defaultConfigurationName = Release;
		};
/* End XCConfigurationList section */
	};
	rootObject = 2C02D87A253A2C5700D5F960 /* Project object */;
}
