{
  "object": {
    "pins": [
      {
        "package": "Files",
        "repositoryURL": "https://github.com/JohnSundell/Files",
        "state": {
          "branch": "master",
          "revision": "d273b5b7025d386feef79ef6bad7de762e106eaf",
          "version": null
        }
      },
      {
        "package": "Kingfisher",
        "repositoryURL": "https://github.com/onevcat/Kingfisher",
        "state": {
          "branch": "master",
          "revision": "9432bffb68d417c207900ef6a329b8e61cedf370",
          "version": null
        }
      },
      {
        "package": "SlideOverCard",
        "repositoryURL": "https://github.com/moifort/swiftUI-slide-over-card.git",
        "state": {
          "branch": "master",
          "revision": "8ef209792c080bc1852074f91289ba46339367bb",
          "version": null
        }
      }
    ]
  },
  "version": 1
}
